<?xml version="1.0" encoding="utf-8"?>
<Project ToolsVersion="4.0" xmlns="http://schemas.microsoft.com/developer/msbuild/2003">
  <ItemGroup>
    <Filter Include="源文件">
      <UniqueIdentifier>{4FC737F1-C7A5-4376-A066-2A32D752A2FF}</UniqueIdentifier>
      <Extensions>cpp;c;cc;cxx;def;odl;idl;hpj;bat;asm;asmx</Extensions>
    </Filter>
    <Filter Include="头文件">
      <UniqueIdentifier>{93995380-89BD-4b04-88EB-625FBE52EBFB}</UniqueIdentifier>
      <Extensions>h;hh;hpp;hxx;hm;inl;inc;xsd</Extensions>
    </Filter>
    <Filter Include="资源文件">
      <UniqueIdentifier>{67DA6AB6-F800-4c08-8B7A-83BB121AAD01}</UniqueIdentifier>
      <Extensions>rc;ico;cur;bmp;dlg;rc2;rct;bin;rgs;gif;jpg;jpeg;jpe;resx;tiff;tif;png;wav;mfcribbon-ms</Extensions>
    </Filter>
    <Filter Include="LeetCode">
      <UniqueIdentifier>{9215c12e-2b1f-45e3-a311-3d17e543a7a0}</UniqueIdentifier>
    </Filter>
  </ItemGroup>
  <ItemGroup>
    <ClCompile Include="..\SourceCode\1-TwoSum.cpp">
      <Filter>LeetCode</Filter>
    </ClCompile>
    <ClCompile Include="..\SourceCode\2-Add Two Numbers.cpp">
      <Filter>LeetCode</Filter>
    </ClCompile>
    <ClCompile Include="..\SourceCode\3-LongestSubstringWithoutRepeatingCharacters.cpp">
      <Filter>LeetCode</Filter>
    </ClCompile>
    <ClCompile Include="..\SourceCode\4-findMedianSortedArrays.cpp">
      <Filter>LeetCode</Filter>
    </ClCompile>
    <ClCompile Include="..\SourceCode\338-CountingBit.cpp">
      <Filter>LeetCode</Filter>
    </ClCompile>
    <ClCompile Include="main.cpp">
      <Filter>源文件</Filter>
    </ClCompile>
    <ClCompile Include="..\SourceCode\6-ZigZagConversion.cpp">
      <Filter>LeetCode</Filter>
    </ClCompile>
    <ClCompile Include="..\SourceCode\7-ReverseInteger.cpp">
      <Filter>LeetCode</Filter>
    </ClCompile>
    <ClCompile Include="..\SourceCode\8-StringtoInteger(atoi).cpp">
      <Filter>LeetCode</Filter>
    </ClCompile>
    <ClCompile Include="..\SourceCode\9-PalindromeNumber.cpp">
      <Filter>LeetCode</Filter>
    </ClCompile>
    <ClCompile Include="..\SourceCode\10-RegularExpressionMatching.cpp">
      <Filter>LeetCode</Filter>
    </ClCompile>
    <ClCompile Include="..\SourceCode\11-ContainerWithMostWater.cpp">
      <Filter>LeetCode</Filter>
    </ClCompile>
    <ClCompile Include="..\SourceCode\12-IntegertoRoman.cpp">
      <Filter>LeetCode</Filter>
    </ClCompile>
    <ClCompile Include="..\SourceCode\13-RomantoInteger.cpp">
      <Filter>LeetCode</Filter>
    </ClCompile>
    <ClCompile Include="..\SourceCode\5-Longest Palindromic Substring.cpp">
      <Filter>LeetCode</Filter>
    </ClCompile>
    <ClCompile Include="..\SourceCode\14-LongestCommonPrefix.cpp">
      <Filter>LeetCode</Filter>
    </ClCompile>
    <ClCompile Include="..\SourceCode\15-3Sum.cpp">
      <Filter>LeetCode</Filter>
    </ClCompile>
    <ClCompile Include="..\SourceCode\16-3SumClosest.cpp">
      <Filter>LeetCode</Filter>
    </ClCompile>
    <ClCompile Include="..\SourceCode\17-LetterCombinationsofaPhoneNumber.cpp">
      <Filter>LeetCode</Filter>
    </ClCompile>
    <ClCompile Include="..\SourceCode\18-4Sum.cpp">
      <Filter>LeetCode</Filter>
    </ClCompile>
    <ClCompile Include="..\SourceCode\19-RemoveNthNodeFromEndofList.cpp">
      <Filter>LeetCode</Filter>
    </ClCompile>
    <ClCompile Include="..\SourceCode\21-MergeTwoSortedLists.cpp">
      <Filter>LeetCode</Filter>
    </ClCompile>
    <ClCompile Include="..\SourceCode\26-RemoveDuplicatesfromSortedArray.cpp">
      <Filter>LeetCode</Filter>
    </ClCompile>
    <ClCompile Include="..\SourceCode\27-RemoveElement.cpp">
      <Filter>LeetCode</Filter>
    </ClCompile>
    <ClCompile Include="..\SourceCode\314-BinaryTreeVerticalOrderTraversal（二叉树垂直遍历）.cpp">
      <Filter>LeetCode</Filter>
    </ClCompile>
    <ClCompile Include="..\SourceCode\20-ValidParentheses.cpp">
      <Filter>LeetCode</Filter>
    </ClCompile>
    <ClCompile Include="..\SourceCode\28-Implement strStr().cpp">
      <Filter>LeetCode</Filter>
    </ClCompile>
    <ClCompile Include="..\SourceCode\24-Swap Nodes in Pairs.cpp">
      <Filter>LeetCode</Filter>
    </ClCompile>
    <ClCompile Include="..\SourceCode\22-Generate Parentheses.cpp">
      <Filter>LeetCode</Filter>
    </ClCompile>
    <ClCompile Include="..\SourceCode\29-Divide Two Integers.cpp">
      <Filter>LeetCode</Filter>
    </ClCompile>
    <ClCompile Include="..\SourceCode\31-Next Permutation.cpp">
      <Filter>LeetCode</Filter>
    </ClCompile>
    <ClCompile Include="..\SourceCode\33-Search in Rotated Sorted Array.cpp">
      <Filter>LeetCode</Filter>
    </ClCompile>
    <ClCompile Include="..\SourceCode\34-Search for a Range.cpp">
      <Filter>LeetCode</Filter>
    </ClCompile>
    <ClCompile Include="..\SourceCode\35-Search Insert Position.cpp">
      <Filter>LeetCode</Filter>
    </ClCompile>
    <ClCompile Include="..\SourceCode\36-Valid Sudoku.cpp">
      <Filter>LeetCode</Filter>
    </ClCompile>
    <ClCompile Include="..\SourceCode\37-Sudoku Solver.cpp">
      <Filter>LeetCode</Filter>
    </ClCompile>
    <ClCompile Include="..\SourceCode\38-Count and Say.cpp">
      <Filter>LeetCode</Filter>
    </ClCompile>
    <ClCompile Include="..\SourceCode\50-Pow(x, n).cpp">
      <Filter>LeetCode</Filter>
    </ClCompile>
    <ClCompile Include="..\SourceCode\39-Combination Sum.cpp">
      <Filter>LeetCode</Filter>
    </ClCompile>
    <ClCompile Include="..\SourceCode\40-Combination Sum II.cpp">
      <Filter>LeetCode</Filter>
    </ClCompile>
    <ClCompile Include="..\SourceCode\43-Multiply Strings.cpp">
      <Filter>LeetCode</Filter>
    </ClCompile>
    <ClCompile Include="..\SourceCode\46-Permutations.cpp">
      <Filter>LeetCode</Filter>
    </ClCompile>
    <ClCompile Include="..\SourceCode\47-Permutations II.cpp">
      <Filter>LeetCode</Filter>
    </ClCompile>
    <ClCompile Include="..\SourceCode\48-Rotate Image.cpp">
      <Filter>LeetCode</Filter>
    </ClCompile>
    <ClCompile Include="..\SourceCode\49-Group Anagrams.cpp">
      <Filter>LeetCode</Filter>
    </ClCompile>
    <ClCompile Include="..\SourceCode\53-Maximum Subarray.cpp">
      <Filter>LeetCode</Filter>
    </ClCompile>
    <ClCompile Include="..\SourceCode\58-Length of Last Word.cpp">
      <Filter>LeetCode</Filter>
    </ClCompile>
    <ClCompile Include="..\SourceCode\54-Spiral Matrix.cpp">
      <Filter>LeetCode</Filter>
    </ClCompile>
    <ClCompile Include="..\SourceCode\55-Jump Game.cpp">
      <Filter>LeetCode</Filter>
    </ClCompile>
    <ClCompile Include="..\SourceCode\56-Merge Intervals.cpp">
      <Filter>LeetCode</Filter>
    </ClCompile>
    <ClCompile Include="..\SourceCode\57-Insert Interval.cpp">
      <Filter>LeetCode</Filter>
    </ClCompile>
    <ClCompile Include="..\SourceCode\66-Plus One.cpp">
      <Filter>LeetCode</Filter>
    </ClCompile>
    <ClCompile Include="..\SourceCode\67-Add Binary.cpp">
      <Filter>LeetCode</Filter>
    </ClCompile>
    <ClCompile Include="..\SourceCode\70-Climbing Stairs.cpp">
      <Filter>LeetCode</Filter>
    </ClCompile>
    <ClCompile Include="..\SourceCode\83-Remove Duplicates from Sorted List.cpp">
      <Filter>LeetCode</Filter>
    </ClCompile>
    <ClCompile Include="..\SourceCode\88-Merge Sorted Array.cpp">
      <Filter>LeetCode</Filter>
    </ClCompile>
    <ClCompile Include="..\SourceCode\100-Same Tree.cpp">
      <Filter>LeetCode</Filter>
    </ClCompile>
    <ClCompile Include="..\SourceCode\69-Sqrt(x).cpp">
      <Filter>LeetCode</Filter>
    </ClCompile>
    <ClCompile Include="..\SourceCode\59-Spiral Matrix II.cpp">
      <Filter>LeetCode</Filter>
    </ClCompile>
    <ClCompile Include="..\SourceCode\60-Permutation Sequence.cpp">
      <Filter>LeetCode</Filter>
    </ClCompile>
    <ClCompile Include="..\SourceCode\61-Rotate List.cpp">
      <Filter>LeetCode</Filter>
    </ClCompile>
    <ClCompile Include="..\SourceCode\62-Unique Paths.cpp">
      <Filter>LeetCode</Filter>
    </ClCompile>
    <ClCompile Include="..\SourceCode\63-Unique Paths II.cpp">
      <Filter>LeetCode</Filter>
    </ClCompile>
    <ClCompile Include="..\SourceCode\64-Minimum Path Sum.cpp">
      <Filter>LeetCode</Filter>
    </ClCompile>
    <ClCompile Include="..\SourceCode\65-Valid Number.cpp">
      <Filter>LeetCode</Filter>
    </ClCompile>
    <ClCompile Include="..\SourceCode\71-Simplify Path.cpp">
      <Filter>LeetCode</Filter>
    </ClCompile>
    <ClCompile Include="..\SourceCode\73-Set Matrix Zeroes.cpp">
      <Filter>LeetCode</Filter>
    </ClCompile>
    <ClCompile Include="..\SourceCode\74-Search a 2D Matrix.cpp">
      <Filter>LeetCode</Filter>
    </ClCompile>
    <ClCompile Include="..\SourceCode\75-Sort Colors.cpp">
      <Filter>LeetCode</Filter>
    </ClCompile>
    <ClCompile Include="..\SourceCode\77-Combinations.cpp">
      <Filter>LeetCode</Filter>
    </ClCompile>
    <ClCompile Include="..\SourceCode\78-Subsets.cpp">
      <Filter>LeetCode</Filter>
    </ClCompile>
    <ClCompile Include="..\SourceCode\79-Word Search.cpp">
      <Filter>LeetCode</Filter>
    </ClCompile>
    <ClCompile Include="..\SourceCode\80-Remove Duplicates from Sorted Array II.cpp">
      <Filter>LeetCode</Filter>
    </ClCompile>
    <ClCompile Include="..\SourceCode\81-Search in Rotated Sorted Array II.cpp">
      <Filter>LeetCode</Filter>
    </ClCompile>
    <ClCompile Include="..\SourceCode\82-Remove Duplicates from Sorted List II.cpp">
      <Filter>LeetCode</Filter>
    </ClCompile>
    <ClCompile Include="..\SourceCode\86-Partition List.cpp">
      <Filter>LeetCode</Filter>
    </ClCompile>
    <ClCompile Include="..\SourceCode\89-Gray Code.cpp">
      <Filter>LeetCode</Filter>
    </ClCompile>
    <ClCompile Include="..\SourceCode\90-Subsets II.cpp">
      <Filter>LeetCode</Filter>
    </ClCompile>
    <ClCompile Include="..\SourceCode\91-Decode Ways.cpp">
      <Filter>LeetCode</Filter>
    </ClCompile>
    <ClCompile Include="..\SourceCode\92-Reverse Linked List II.cpp">
      <Filter>LeetCode</Filter>
    </ClCompile>
    <ClCompile Include="..\SourceCode\206-Reverse Linked List.cpp">
      <Filter>LeetCode</Filter>
    </ClCompile>
    <ClCompile Include="..\SourceCode\93-Restore IP Addresses.cpp">
      <Filter>LeetCode</Filter>
    </ClCompile>
    <ClCompile Include="..\SourceCode\94-Binary Tree Inorder Traversal.cpp">
      <Filter>LeetCode</Filter>
    </ClCompile>
    <ClCompile Include="..\SourceCode\96-Unique Binary Search Trees.cpp">
      <Filter>LeetCode</Filter>
    </ClCompile>
  </ItemGroup>
</Project>